
Microsoft Visual Studio Solution File, Format Version 12.00
# Visual Studio Version 17
VisualStudioVersion = 17.0.32112.339
MinimumVisualStudioVersion = 10.0.40219.1
Project("{FAE04EC0-301F-11D3-BF4B-00C04F79EFBC}") = "Membership Form Complete with code1", "Membership Form Complete with code1\Membership Form Complete with code1.csproj", "{52447DE1-CEC6-42C8-9A2A-6D9098892161}"
EndProject
Global
	GlobalSection(SolutionConfigurationPlatforms) = preSolution
		Debug|Any CPU = Debug|Any CPU
		Release|Any CPU = Release|Any CPU
	EndGlobalSection
	GlobalSection(ProjectConfigurationPlatforms) = postSolution
		{52447DE1-CEC6-42C8-9A2A-6D9098892161}.Debug|Any CPU.ActiveCfg = Debug|Any CPU
		{52447DE1-CEC6-42C8-9A2A-6D9098892161}.Debug|Any CPU.Build.0 = Debug|Any CPU
		{52447DE1-CEC6-42C8-9A2A-6D9098892161}.Release|Any CPU.ActiveCfg = Release|Any CPU
		{52447DE1-CEC6-42C8-9A2A-6D9098892161}.Release|Any CPU.Build.0 = Release|Any CPU
	EndGlobalSection
	GlobalSection(SolutionProperties) = preSolution
		HideSolutionNode = FALSE
	EndGlobalSection
	GlobalSection(ExtensibilityGlobals) = postSolution
		SolutionGuid = {BC5461A2-F9CD-430F-A658-C536C182C475}
	EndGlobalSection
EndGlobal
